
Microsoft Visual Studio Solution File, Format Version 12.00
# Visual Studio Version 17
VisualStudioVersion = 17.14.36623.8 d17.14
MinimumVisualStudioVersion = 10.0.40219.1
Project("{FAE04EC0-301F-11D3-BF4B-00C04F79EFBC}") = "P_EscapeNexus", "P_EscapeNexus\P_EscapeNexus.csproj", "{84E05FE8-F250-40A8-92F6-67A2B3264B1A}"
EndProject
Global
	GlobalSection(SolutionConfigurationPlatforms) = preSolution
		Debug|Any CPU = Debug|Any CPU
		Release|Any CPU = Release|Any CPU
	EndGlobalSection
	GlobalSection(ProjectConfigurationPlatforms) = postSolution
		{84E05FE8-F250-40A8-92F6-67A2B3264B1A}.Debug|Any CPU.ActiveCfg = Debug|Any CPU
		{84E05FE8-F250-40A8-92F6-67A2B3264B1A}.Debug|Any CPU.Build.0 = Debug|Any CPU
		{84E05FE8-F250-40A8-92F6-67A2B3264B1A}.Release|Any CPU.ActiveCfg = Release|Any CPU
		{84E05FE8-F250-40A8-92F6-67A2B3264B1A}.Release|Any CPU.Build.0 = Release|Any CPU
	EndGlobalSection
	GlobalSection(SolutionProperties) = preSolution
		HideSolutionNode = FALSE
	EndGlobalSection
	GlobalSection(ExtensibilityGlobals) = postSolution
		SolutionGuid = {E2141901-8743-4461-8139-1259EA650234}
	EndGlobalSection
EndGlobal
